// !$*UTF8*$!
{
	archiveVersion = 1;
	classes = {
	};
	objectVersion = 50;
	objects = {

/* Begin PBXBuildFile section */
		3F0E5F5D355129EE609CF48D /* Pods_Newsy.framework in Frameworks */ = {isa = PBXBuildFile; fileRef = A94238E3693746BF770B87D4 /* Pods_Newsy.framework */; };
		9C30BBB920D81C4B00F80CA7 /* UnwindSegue.swift in Sources */ = {isa = PBXBuildFile; fileRef = 9C30BB9B20D81C4500F80CA7 /* UnwindSegue.swift */; };
		9C30BBBA20D81C4B00F80CA7 /* DesignableView.swift in Sources */ = {isa = PBXBuildFile; fileRef = 9C30BB9C20D81C4600F80CA7 /* DesignableView.swift */; };
		9C30BBBB20D81C4B00F80CA7 /* TransitionManager.swift in Sources */ = {isa = PBXBuildFile; fileRef = 9C30BB9D20D81C4600F80CA7 /* TransitionManager.swift */; };
		9C30BBBC20D81C4B00F80CA7 /* DesignableTextField.swift in Sources */ = {isa = PBXBuildFile; fileRef = 9C30BB9E20D81C4600F80CA7 /* DesignableTextField.swift */; };
		9C30BBBD20D81C4C00F80CA7 /* SpringImageView.swift in Sources */ = {isa = PBXBuildFile; fileRef = 9C30BB9F20D81C4600F80CA7 /* SpringImageView.swift */; };
		9C30BBBE20D81C4C00F80CA7 /* DesignableImageView.swift in Sources */ = {isa = PBXBuildFile; fileRef = 9C30BBA020D81C4700F80CA7 /* DesignableImageView.swift */; };
		9C30BBBF20D81C4C00F80CA7 /* KeyboardLayoutConstraint.swift in Sources */ = {isa = PBXBuildFile; fileRef = 9C30BBA120D81C4700F80CA7 /* KeyboardLayoutConstraint.swift */; };
		9C30BBC020D81C4C00F80CA7 /* DesignableLabel.swift in Sources */ = {isa = PBXBuildFile; fileRef = 9C30BBA320D81C4700F80CA7 /* DesignableLabel.swift */; };
		9C30BBC120D81C4C00F80CA7 /* TransitionZoom.swift in Sources */ = {isa = PBXBuildFile; fileRef = 9C30BBA420D81C4800F80CA7 /* TransitionZoom.swift */; };
		9C30BBC220D81C4C00F80CA7 /* Spring.swift in Sources */ = {isa = PBXBuildFile; fileRef = 9C30BBA520D81C4800F80CA7 /* Spring.swift */; };
		9C30BBC320D81C4C00F80CA7 /* SpringAnimation.swift in Sources */ = {isa = PBXBuildFile; fileRef = 9C30BBA720D81C4800F80CA7 /* SpringAnimation.swift */; };
		9C30BBC420D81C4C00F80CA7 /* Misc.swift in Sources */ = {isa = PBXBuildFile; fileRef = 9C30BBA820D81C4900F80CA7 /* Misc.swift */; };
		9C30BBC520D81C4C00F80CA7 /* SpringView.swift in Sources */ = {isa = PBXBuildFile; fileRef = 9C30BBA920D81C4900F80CA7 /* SpringView.swift */; };
		9C30BBC620D81C4C00F80CA7 /* SpringTextView.swift in Sources */ = {isa = PBXBuildFile; fileRef = 9C30BBAA20D81C4900F80CA7 /* SpringTextView.swift */; };
		9C30BBC720D81C4C00F80CA7 /* AsyncButton.swift in Sources */ = {isa = PBXBuildFile; fileRef = 9C30BBAB20D81C4900F80CA7 /* AsyncButton.swift */; };
		9C30BBC820D81C4C00F80CA7 /* SpringButton.swift in Sources */ = {isa = PBXBuildFile; fileRef = 9C30BBAC20D81C4900F80CA7 /* SpringButton.swift */; };
		9C30BBC920D81C4C00F80CA7 /* DesignableTextView.swift in Sources */ = {isa = PBXBuildFile; fileRef = 9C30BBAD20D81C4A00F80CA7 /* DesignableTextView.swift */; };
		9C30BBCA20D81C4C00F80CA7 /* AsyncImageView.swift in Sources */ = {isa = PBXBuildFile; fileRef = 9C30BBAE20D81C4A00F80CA7 /* AsyncImageView.swift */; };
		9C30BBCB20D81C4C00F80CA7 /* AutoTextView.swift in Sources */ = {isa = PBXBuildFile; fileRef = 9C30BBAF20D81C4A00F80CA7 /* AutoTextView.swift */; };
		9C30BBCC20D81C4C00F80CA7 /* LoadingView.swift in Sources */ = {isa = PBXBuildFile; fileRef = 9C30BBB020D81C4A00F80CA7 /* LoadingView.swift */; };
		9C30BBCD20D81C4C00F80CA7 /* SoundPlayer.swift in Sources */ = {isa = PBXBuildFile; fileRef = 9C30BBB120D81C4A00F80CA7 /* SoundPlayer.swift */; };
		9C30BBCE20D81C4C00F80CA7 /* DesignableButton.swift in Sources */ = {isa = PBXBuildFile; fileRef = 9C30BBB220D81C4A00F80CA7 /* DesignableButton.swift */; };
		9C30BBCF20D81C4C00F80CA7 /* SpringLabel.swift in Sources */ = {isa = PBXBuildFile; fileRef = 9C30BBB420D81C4B00F80CA7 /* SpringLabel.swift */; };
		9C30BBD020D81C4C00F80CA7 /* SpringTextField.swift in Sources */ = {isa = PBXBuildFile; fileRef = 9C30BBB520D81C4B00F80CA7 /* SpringTextField.swift */; };
		9C30BBD120D81C4C00F80CA7 /* ImageLoader.swift in Sources */ = {isa = PBXBuildFile; fileRef = 9C30BBB620D81C4B00F80CA7 /* ImageLoader.swift */; };
		9C30BBD220D81C4C00F80CA7 /* DesignableTabBarController.swift in Sources */ = {isa = PBXBuildFile; fileRef = 9C30BBB720D81C4B00F80CA7 /* DesignableTabBarController.swift */; };
		9C30BBD320D81C4C00F80CA7 /* BlurView.swift in Sources */ = {isa = PBXBuildFile; fileRef = 9C30BBB820D81C4B00F80CA7 /* BlurView.swift */; };
		9C39E75620CC5F9800A457B0 /* AppDelegate.swift in Sources */ = {isa = PBXBuildFile; fileRef = 9C39E75520CC5F9800A457B0 /* AppDelegate.swift */; };
		9C39E75820CC5F9800A457B0 /* NewsViewController.swift in Sources */ = {isa = PBXBuildFile; fileRef = 9C39E75720CC5F9800A457B0 /* NewsViewController.swift */; };
		9C39E75B20CC5F9800A457B0 /* Main.storyboard in Resources */ = {isa = PBXBuildFile; fileRef = 9C39E75920CC5F9800A457B0 /* Main.storyboard */; };
		9C39E75D20CC5F9A00A457B0 /* Assets.xcassets in Resources */ = {isa = PBXBuildFile; fileRef = 9C39E75C20CC5F9A00A457B0 /* Assets.xcassets */; };
		9C39E76020CC5F9A00A457B0 /* LaunchScreen.storyboard in Resources */ = {isa = PBXBuildFile; fileRef = 9C39E75E20CC5F9A00A457B0 /* LaunchScreen.storyboard */; };
		9C9547A020D67928004A99DE /* NewsTableViewCell.swift in Sources */ = {isa = PBXBuildFile; fileRef = 9C95479F20D67928004A99DE /* NewsTableViewCell.swift */; };
		9CBEDABE20D8374200CCA910 /* DetailsTableViewController.swift in Sources */ = {isa = PBXBuildFile; fileRef = 9CBEDABD20D8374200CCA910 /* DetailsTableViewController.swift */; };
		9CBEDAC220D841AC00CCA910 /* DetailsNewsTableViewCell.swift in Sources */ = {isa = PBXBuildFile; fileRef = 9CBEDAC120D841AC00CCA910 /* DetailsNewsTableViewCell.swift */; };
/* End PBXBuildFile section */

/* Begin PBXFileReference section */
		5819850F46337540BFF054E8 /* Pods-Newsy.release.xcconfig */ = {isa = PBXFileReference; includeInIndex = 1; lastKnownFileType = text.xcconfig; name = "Pods-Newsy.release.xcconfig"; path = "Pods/Target Support Files/Pods-Newsy/Pods-Newsy.release.xcconfig"; sourceTree = "<group>"; };
		9C30BB9B20D81C4500F80CA7 /* UnwindSegue.swift */ = {isa = PBXFileReference; lastKnownFileType = sourcecode.swift; path = UnwindSegue.swift; sourceTree = "<group>"; };
		9C30BB9C20D81C4600F80CA7 /* DesignableView.swift */ = {isa = PBXFileReference; lastKnownFileType = sourcecode.swift; path = DesignableView.swift; sourceTree = "<group>"; };
		9C30BB9D20D81C4600F80CA7 /* TransitionManager.swift */ = {isa = PBXFileReference; lastKnownFileType = sourcecode.swift; path = TransitionManager.swift; sourceTree = "<group>"; };
		9C30BB9E20D81C4600F80CA7 /* DesignableTextField.swift */ = {isa = PBXFileReference; lastKnownFileType = sourcecode.swift; path = DesignableTextField.swift; sourceTree = "<group>"; };
		9C30BB9F20D81C4600F80CA7 /* SpringImageView.swift */ = {isa = PBXFileReference; lastKnownFileType = sourcecode.swift; path = SpringImageView.swift; sourceTree = "<group>"; };
		9C30BBA020D81C4700F80CA7 /* DesignableImageView.swift */ = {isa = PBXFileReference; lastKnownFileType = sourcecode.swift; path = DesignableImageView.swift; sourceTree = "<group>"; };
		9C30BBA120D81C4700F80CA7 /* KeyboardLayoutConstraint.swift */ = {isa = PBXFileReference; lastKnownFileType = sourcecode.swift; path = KeyboardLayoutConstraint.swift; sourceTree = "<group>"; };
		9C30BBA320D81C4700F80CA7 /* DesignableLabel.swift */ = {isa = PBXFileReference; lastKnownFileType = sourcecode.swift; path = DesignableLabel.swift; sourceTree = "<group>"; };
		9C30BBA420D81C4800F80CA7 /* TransitionZoom.swift */ = {isa = PBXFileReference; lastKnownFileType = sourcecode.swift; path = TransitionZoom.swift; sourceTree = "<group>"; };
		9C30BBA520D81C4800F80CA7 /* Spring.swift */ = {isa = PBXFileReference; lastKnownFileType = sourcecode.swift; path = Spring.swift; sourceTree = "<group>"; };
		9C30BBA720D81C4800F80CA7 /* SpringAnimation.swift */ = {isa = PBXFileReference; lastKnownFileType = sourcecode.swift; path = SpringAnimation.swift; sourceTree = "<group>"; };
		9C30BBA820D81C4900F80CA7 /* Misc.swift */ = {isa = PBXFileReference; lastKnownFileType = sourcecode.swift; path = Misc.swift; sourceTree = "<group>"; };
		9C30BBA920D81C4900F80CA7 /* SpringView.swift */ = {isa = PBXFileReference; lastKnownFileType = sourcecode.swift; path = SpringView.swift; sourceTree = "<group>"; };
		9C30BBAA20D81C4900F80CA7 /* SpringTextView.swift */ = {isa = PBXFileReference; lastKnownFileType = sourcecode.swift; path = SpringTextView.swift; sourceTree = "<group>"; };
		9C30BBAB20D81C4900F80CA7 /* AsyncButton.swift */ = {isa = PBXFileReference; lastKnownFileType = sourcecode.swift; path = AsyncButton.swift; sourceTree = "<group>"; };
		9C30BBAC20D81C4900F80CA7 /* SpringButton.swift */ = {isa = PBXFileReference; lastKnownFileType = sourcecode.swift; path = SpringButton.swift; sourceTree = "<group>"; };
		9C30BBAD20D81C4A00F80CA7 /* DesignableTextView.swift */ = {isa = PBXFileReference; lastKnownFileType = sourcecode.swift; path = DesignableTextView.swift; sourceTree = "<group>"; };
		9C30BBAE20D81C4A00F80CA7 /* AsyncImageView.swift */ = {isa = PBXFileReference; lastKnownFileType = sourcecode.swift; path = AsyncImageView.swift; sourceTree = "<group>"; };
		9C30BBAF20D81C4A00F80CA7 /* AutoTextView.swift */ = {isa = PBXFileReference; lastKnownFileType = sourcecode.swift; path = AutoTextView.swift; sourceTree = "<group>"; };
		9C30BBB020D81C4A00F80CA7 /* LoadingView.swift */ = {isa = PBXFileReference; lastKnownFileType = sourcecode.swift; path = LoadingView.swift; sourceTree = "<group>"; };
		9C30BBB120D81C4A00F80CA7 /* SoundPlayer.swift */ = {isa = PBXFileReference; lastKnownFileType = sourcecode.swift; path = SoundPlayer.swift; sourceTree = "<group>"; };
		9C30BBB220D81C4A00F80CA7 /* DesignableButton.swift */ = {isa = PBXFileReference; lastKnownFileType = sourcecode.swift; path = DesignableButton.swift; sourceTree = "<group>"; };
		9C30BBB320D81C4B00F80CA7 /* LoadingView.xib */ = {isa = PBXFileReference; lastKnownFileType = file.xib; path = LoadingView.xib; sourceTree = "<group>"; };
		9C30BBB420D81C4B00F80CA7 /* SpringLabel.swift */ = {isa = PBXFileReference; lastKnownFileType = sourcecode.swift; path = SpringLabel.swift; sourceTree = "<group>"; };
		9C30BBB520D81C4B00F80CA7 /* SpringTextField.swift */ = {isa = PBXFileReference; lastKnownFileType = sourcecode.swift; path = SpringTextField.swift; sourceTree = "<group>"; };
		9C30BBB620D81C4B00F80CA7 /* ImageLoader.swift */ = {isa = PBXFileReference; lastKnownFileType = sourcecode.swift; path = ImageLoader.swift; sourceTree = "<group>"; };
		9C30BBB720D81C4B00F80CA7 /* DesignableTabBarController.swift */ = {isa = PBXFileReference; lastKnownFileType = sourcecode.swift; path = DesignableTabBarController.swift; sourceTree = "<group>"; };
		9C30BBB820D81C4B00F80CA7 /* BlurView.swift */ = {isa = PBXFileReference; lastKnownFileType = sourcecode.swift; path = BlurView.swift; sourceTree = "<group>"; };
		9C39E75220CC5F9800A457B0 /* Newsy.app */ = {isa = PBXFileReference; explicitFileType = wrapper.application; includeInIndex = 0; path = Newsy.app; sourceTree = BUILT_PRODUCTS_DIR; };
		9C39E75520CC5F9800A457B0 /* AppDelegate.swift */ = {isa = PBXFileReference; lastKnownFileType = sourcecode.swift; path = AppDelegate.swift; sourceTree = "<group>"; };
		9C39E75720CC5F9800A457B0 /* NewsViewController.swift */ = {isa = PBXFileReference; lastKnownFileType = sourcecode.swift; path = NewsViewController.swift; sourceTree = "<group>"; };
		9C39E75A20CC5F9800A457B0 /* Base */ = {isa = PBXFileReference; lastKnownFileType = file.storyboard; name = Base; path = Base.lproj/Main.storyboard; sourceTree = "<group>"; };
		9C39E75C20CC5F9A00A457B0 /* Assets.xcassets */ = {isa = PBXFileReference; lastKnownFileType = folder.assetcatalog; path = Assets.xcassets; sourceTree = "<group>"; };
		9C39E75F20CC5F9A00A457B0 /* Base */ = {isa = PBXFileReference; lastKnownFileType = file.storyboard; name = Base; path = Base.lproj/LaunchScreen.storyboard; sourceTree = "<group>"; };
		9C39E76120CC5F9A00A457B0 /* Info.plist */ = {isa = PBXFileReference; lastKnownFileType = text.plist.xml; path = Info.plist; sourceTree = "<group>"; };
		9C95479F20D67928004A99DE /* NewsTableViewCell.swift */ = {isa = PBXFileReference; lastKnownFileType = sourcecode.swift; path = NewsTableViewCell.swift; sourceTree = "<group>"; };
		9CBEDABD20D8374200CCA910 /* DetailsTableViewController.swift */ = {isa = PBXFileReference; lastKnownFileType = sourcecode.swift; path = DetailsTableViewController.swift; sourceTree = "<group>"; };
		9CBEDAC120D841AC00CCA910 /* DetailsNewsTableViewCell.swift */ = {isa = PBXFileReference; lastKnownFileType = sourcecode.swift; path = DetailsNewsTableViewCell.swift; sourceTree = "<group>"; };
		A94238E3693746BF770B87D4 /* Pods_Newsy.framework */ = {isa = PBXFileReference; explicitFileType = wrapper.framework; includeInIndex = 0; path = Pods_Newsy.framework; sourceTree = BUILT_PRODUCTS_DIR; };
		AE140785414570ED8E74610B /* Pods-Newsy.debug.xcconfig */ = {isa = PBXFileReference; includeInIndex = 1; lastKnownFileType = text.xcconfig; name = "Pods-Newsy.debug.xcconfig"; path = "Pods/Target Support Files/Pods-Newsy/Pods-Newsy.debug.xcconfig"; sourceTree = "<group>"; };
/* End PBXFileReference section */

/* Begin PBXFrameworksBuildPhase section */
		9C39E74F20CC5F9800A457B0 /* Frameworks */ = {
			isa = PBXFrameworksBuildPhase;
			buildActionMask = 2147483647;
			files = (
				3F0E5F5D355129EE609CF48D /* Pods_Newsy.framework in Frameworks */,
			);
			runOnlyForDeploymentPostprocessing = 0;
		};
/* End PBXFrameworksBuildPhase section */

/* Begin PBXGroup section */
		9C30BB9820D81C0D00F80CA7 /* Spring */ = {
			isa = PBXGroup;
			children = (
				9C30BBAB20D81C4900F80CA7 /* AsyncButton.swift */,
				9C30BBAE20D81C4A00F80CA7 /* AsyncImageView.swift */,
				9C30BBAF20D81C4A00F80CA7 /* AutoTextView.swift */,
				9C30BBB820D81C4B00F80CA7 /* BlurView.swift */,
				9C30BBB220D81C4A00F80CA7 /* DesignableButton.swift */,
				9C30BBA020D81C4700F80CA7 /* DesignableImageView.swift */,
				9C30BBA320D81C4700F80CA7 /* DesignableLabel.swift */,
				9C30BBB720D81C4B00F80CA7 /* DesignableTabBarController.swift */,
				9C30BB9E20D81C4600F80CA7 /* DesignableTextField.swift */,
				9C30BBAD20D81C4A00F80CA7 /* DesignableTextView.swift */,
				9C30BB9C20D81C4600F80CA7 /* DesignableView.swift */,
				9C30BBB620D81C4B00F80CA7 /* ImageLoader.swift */,
				9C30BBA120D81C4700F80CA7 /* KeyboardLayoutConstraint.swift */,
				9C30BBB020D81C4A00F80CA7 /* LoadingView.swift */,
				9C30BBB320D81C4B00F80CA7 /* LoadingView.xib */,
				9C30BBA820D81C4900F80CA7 /* Misc.swift */,
				9C30BBB120D81C4A00F80CA7 /* SoundPlayer.swift */,
				9C30BBA520D81C4800F80CA7 /* Spring.swift */,
				9C30BBA720D81C4800F80CA7 /* SpringAnimation.swift */,
				9C30BBAC20D81C4900F80CA7 /* SpringButton.swift */,
				9C30BB9F20D81C4600F80CA7 /* SpringImageView.swift */,
				9C30BBB420D81C4B00F80CA7 /* SpringLabel.swift */,
				9C30BBB520D81C4B00F80CA7 /* SpringTextField.swift */,
				9C30BBAA20D81C4900F80CA7 /* SpringTextView.swift */,
				9C30BBA920D81C4900F80CA7 /* SpringView.swift */,
				9C30BB9D20D81C4600F80CA7 /* TransitionManager.swift */,
				9C30BBA420D81C4800F80CA7 /* TransitionZoom.swift */,
				9C30BB9B20D81C4500F80CA7 /* UnwindSegue.swift */,
			);
			path = Spring;
			sourceTree = "<group>";
		};
		9C39E74920CC5F9800A457B0 = {
			isa = PBXGroup;
			children = (
				9C39E75420CC5F9800A457B0 /* Newsy */,
				9C39E75320CC5F9800A457B0 /* Products */,
				E6880FF93D394D5205BCA708 /* Pods */,
				C07E4B2B522999807CDA31A9 /* Frameworks */,
			);
			sourceTree = "<group>";
		};
		9C39E75320CC5F9800A457B0 /* Products */ = {
			isa = PBXGroup;
			children = (
				9C39E75220CC5F9800A457B0 /* Newsy.app */,
			);
			name = Products;
			sourceTree = "<group>";
		};
		9C39E75420CC5F9800A457B0 /* Newsy */ = {
			isa = PBXGroup;
			children = (
				9CEDCA6620D959AE00F4FEDA /* Other */,
				9CEDCA6520D9596E00F4FEDA /* Controller */,
				9CEDCA6420D9596300F4FEDA /* View */,
				9C30BB9820D81C0D00F80CA7 /* Spring */,
			);
			path = Newsy;
			sourceTree = "<group>";
		};
		9CEDCA6420D9596300F4FEDA /* View */ = {
			isa = PBXGroup;
			children = (
				9C39E75920CC5F9800A457B0 /* Main.storyboard */,
				9C39E75E20CC5F9A00A457B0 /* LaunchScreen.storyboard */,
			);
			path = View;
			sourceTree = "<group>";
		};
		9CEDCA6520D9596E00F4FEDA /* Controller */ = {
			isa = PBXGroup;
			children = (
				9C39E75520CC5F9800A457B0 /* AppDelegate.swift */,
				9C39E75720CC5F9800A457B0 /* NewsViewController.swift */,
				9CBEDABD20D8374200CCA910 /* DetailsTableViewController.swift */,
				9C95479F20D67928004A99DE /* NewsTableViewCell.swift */,
				9CBEDAC120D841AC00CCA910 /* DetailsNewsTableViewCell.swift */,
			);
			path = Controller;
			sourceTree = "<group>";
		};
		9CEDCA6620D959AE00F4FEDA /* Other */ = {
			isa = PBXGroup;
			children = (
				9C39E75C20CC5F9A00A457B0 /* Assets.xcassets */,
				9C39E76120CC5F9A00A457B0 /* Info.plist */,
			);
			path = Other;
			sourceTree = "<group>";
		};
		C07E4B2B522999807CDA31A9 /* Frameworks */ = {
			isa = PBXGroup;
			children = (
				A94238E3693746BF770B87D4 /* Pods_Newsy.framework */,
			);
			name = Frameworks;
			sourceTree = "<group>";
		};
		E6880FF93D394D5205BCA708 /* Pods */ = {
			isa = PBXGroup;
			children = (
				AE140785414570ED8E74610B /* Pods-Newsy.debug.xcconfig */,
				5819850F46337540BFF054E8 /* Pods-Newsy.release.xcconfig */,
			);
			name = Pods;
			sourceTree = "<group>";
		};
/* End PBXGroup section */

/* Begin PBXNativeTarget section */
		9C39E75120CC5F9800A457B0 /* Newsy */ = {
			isa = PBXNativeTarget;
			buildConfigurationList = 9C39E76420CC5F9A00A457B0 /* Build configuration list for PBXNativeTarget "Newsy" */;
			buildPhases = (
				82153AD6126EF6D3881465D3 /* [CP] Check Pods Manifest.lock */,
				9C39E74E20CC5F9800A457B0 /* Sources */,
				9C39E74F20CC5F9800A457B0 /* Frameworks */,
				9C39E75020CC5F9800A457B0 /* Resources */,
				5F9089C1FEB04F7F7B8CEB6E /* [CP] Embed Pods Frameworks */,
			);
			buildRules = (
			);
			dependencies = (
			);
			name = Newsy;
			productName = Newsy;
			productReference = 9C39E75220CC5F9800A457B0 /* Newsy.app */;
			productType = "com.apple.product-type.application";
		};
/* End PBXNativeTarget section */

/* Begin PBXProject section */
		9C39E74A20CC5F9800A457B0 /* Project object */ = {
			isa = PBXProject;
			attributes = {
				LastSwiftUpdateCheck = 0940;
				LastUpgradeCheck = 0940;
				ORGANIZATIONNAME = "Bilal Drndo";
				TargetAttributes = {
					9C39E75120CC5F9800A457B0 = {
						CreatedOnToolsVersion = 9.4;
					};
				};
			};
			buildConfigurationList = 9C39E74D20CC5F9800A457B0 /* Build configuration list for PBXProject "Newsy" */;
			compatibilityVersion = "Xcode 9.3";
			developmentRegion = en;
			hasScannedForEncodings = 0;
			knownRegions = (
				en,
				Base,
			);
			mainGroup = 9C39E74920CC5F9800A457B0;
			productRefGroup = 9C39E75320CC5F9800A457B0 /* Products */;
			projectDirPath = "";
			projectRoot = "";
			targets = (
				9C39E75120CC5F9800A457B0 /* Newsy */,
			);
		};
/* End PBXProject section */

/* Begin PBXResourcesBuildPhase section */
		9C39E75020CC5F9800A457B0 /* Resources */ = {
			isa = PBXResourcesBuildPhase;
			buildActionMask = 2147483647;
			files = (
				9C39E76020CC5F9A00A457B0 /* LaunchScreen.storyboard in Resources */,
				9C39E75D20CC5F9A00A457B0 /* Assets.xcassets in Resources */,
				9C39E75B20CC5F9800A457B0 /* Main.storyboard in Resources */,
			);
			runOnlyForDeploymentPostprocessing = 0;
		};
/* End PBXResourcesBuildPhase section */

/* Begin PBXShellScriptBuildPhase section */
		5F9089C1FEB04F7F7B8CEB6E /* [CP] Embed Pods Frameworks */ = {
			isa = PBXShellScriptBuildPhase;
			buildActionMask = 2147483647;
			files = (
			);
			inputPaths = (
				"${SRCROOT}/Pods/Target Support Files/Pods-Newsy/Pods-Newsy-frameworks.sh",
				"${BUILT_PRODUCTS_DIR}/Alamofire/Alamofire.framework",
				"${BUILT_PRODUCTS_DIR}/GSKStretchyHeaderView/GSKStretchyHeaderView.framework",
				"${BUILT_PRODUCTS_DIR}/SwiftyJSON/SwiftyJSON.framework",
			);
			name = "[CP] Embed Pods Frameworks";
			outputPaths = (
				"${TARGET_BUILD_DIR}/${FRAMEWORKS_FOLDER_PATH}/Alamofire.framework",
				"${TARGET_BUILD_DIR}/${FRAMEWORKS_FOLDER_PATH}/GSKStretchyHeaderView.framework",
				"${TARGET_BUILD_DIR}/${FRAMEWORKS_FOLDER_PATH}/SwiftyJSON.framework",
			);
			runOnlyForDeploymentPostprocessing = 0;
			shellPath = /bin/sh;
			shellScript = "\"${SRCROOT}/Pods/Target Support Files/Pods-Newsy/Pods-Newsy-frameworks.sh\"\n";
			showEnvVarsInLog = 0;
		};
		82153AD6126EF6D3881465D3 /* [CP] Check Pods Manifest.lock */ = {
			isa = PBXShellScriptBuildPhase;
			buildActionMask = 2147483647;
			files = (
			);
			inputPaths = (
				"${PODS_PODFILE_DIR_PATH}/Podfile.lock",
				"${PODS_ROOT}/Manifest.lock",
			);
			name = "[CP] Check Pods Manifest.lock";
			outputPaths = (
				"$(DERIVED_FILE_DIR)/Pods-Newsy-checkManifestLockResult.txt",
			);
			runOnlyForDeploymentPostprocessing = 0;
			shellPath = /bin/sh;
			shellScript = "diff \"${PODS_PODFILE_DIR_PATH}/Podfile.lock\" \"${PODS_ROOT}/Manifest.lock\" > /dev/null\nif [ $? != 0 ] ; then\n    # print error to STDERR\n    echo \"error: The sandbox is not in sync with the Podfile.lock. Run 'pod install' or update your CocoaPods installation.\" >&2\n    exit 1\nfi\n# This output is used by Xcode 'outputs' to avoid re-running this script phase.\necho \"SUCCESS\" > \"${SCRIPT_OUTPUT_FILE_0}\"\n";
			showEnvVarsInLog = 0;
		};
/* End PBXShellScriptBuildPhase section */

/* Begin PBXSourcesBuildPhase section */
		9C39E74E20CC5F9800A457B0 /* Sources */ = {
			isa = PBXSourcesBuildPhase;
			buildActionMask = 2147483647;
			files = (
				9C30BBCD20D81C4C00F80CA7 /* SoundPlayer.swift in Sources */,
				9C30BBC420D81C4C00F80CA7 /* Misc.swift in Sources */,
				9C30BBD120D81C4C00F80CA7 /* ImageLoader.swift in Sources */,
				9C30BBB920D81C4B00F80CA7 /* UnwindSegue.swift in Sources */,
				9C30BBC920D81C4C00F80CA7 /* DesignableTextView.swift in Sources */,
				9C30BBBF20D81C4C00F80CA7 /* KeyboardLayoutConstraint.swift in Sources */,
				9C30BBCC20D81C4C00F80CA7 /* LoadingView.swift in Sources */,
				9C30BBCA20D81C4C00F80CA7 /* AsyncImageView.swift in Sources */,
				9CBEDAC220D841AC00CCA910 /* DetailsNewsTableViewCell.swift in Sources */,
				9C30BBBB20D81C4B00F80CA7 /* TransitionManager.swift in Sources */,
				9C30BBBC20D81C4B00F80CA7 /* DesignableTextField.swift in Sources */,
				9C30BBC520D81C4C00F80CA7 /* SpringView.swift in Sources */,
				9C30BBBA20D81C4B00F80CA7 /* DesignableView.swift in Sources */,
				9C30BBC820D81C4C00F80CA7 /* SpringButton.swift in Sources */,
				9C30BBC220D81C4C00F80CA7 /* Spring.swift in Sources */,
				9C30BBBD20D81C4C00F80CA7 /* SpringImageView.swift in Sources */,
				9C30BBD320D81C4C00F80CA7 /* BlurView.swift in Sources */,
				9C30BBD220D81C4C00F80CA7 /* DesignableTabBarController.swift in Sources */,
				9C30BBCF20D81C4C00F80CA7 /* SpringLabel.swift in Sources */,
				9C30BBBE20D81C4C00F80CA7 /* DesignableImageView.swift in Sources */,
				9C30BBCB20D81C4C00F80CA7 /* AutoTextView.swift in Sources */,
				9C30BBC120D81C4C00F80CA7 /* TransitionZoom.swift in Sources */,
				9C30BBC620D81C4C00F80CA7 /* SpringTextView.swift in Sources */,
				9C30BBD020D81C4C00F80CA7 /* SpringTextField.swift in Sources */,
				9C39E75820CC5F9800A457B0 /* NewsViewController.swift in Sources */,
				9CBEDABE20D8374200CCA910 /* DetailsTableViewController.swift in Sources */,
				9C39E75620CC5F9800A457B0 /* AppDelegate.swift in Sources */,
				9C30BBC320D81C4C00F80CA7 /* SpringAnimation.swift in Sources */,
				9C30BBC020D81C4C00F80CA7 /* DesignableLabel.swift in Sources */,
				9C30BBCE20D81C4C00F80CA7 /* DesignableButton.swift in Sources */,
				9C30BBC720D81C4C00F80CA7 /* AsyncButton.swift in Sources */,
				9C9547A020D67928004A99DE /* NewsTableViewCell.swift in Sources */,
			);
			runOnlyForDeploymentPostprocessing = 0;
		};
/* End PBXSourcesBuildPhase section */

/* Begin PBXVariantGroup section */
		9C39E75920CC5F9800A457B0 /* Main.storyboard */ = {
			isa = PBXVariantGroup;
			children = (
				9C39E75A20CC5F9800A457B0 /* Base */,
			);
			name = Main.storyboard;
			sourceTree = "<group>";
		};
		9C39E75E20CC5F9A00A457B0 /* LaunchScreen.storyboard */ = {
			isa = PBXVariantGroup;
			children = (
				9C39E75F20CC5F9A00A457B0 /* Base */,
			);
			name = LaunchScreen.storyboard;
			sourceTree = "<group>";
		};
/* End PBXVariantGroup section */

/* Begin XCBuildConfiguration section */
		9C39E76220CC5F9A00A457B0 /* Debug */ = {
			isa = XCBuildConfiguration;
			buildSettings = {
				ALWAYS_SEARCH_USER_PATHS = NO;
				CLANG_ANALYZER_NONNULL = YES;
				CLANG_ANALYZER_NUMBER_OBJECT_CONVERSION = YES_AGGRESSIVE;
				CLANG_CXX_LANGUAGE_STANDARD = "gnu++14";
				CLANG_CXX_LIBRARY = "libc++";
				CLANG_ENABLE_MODULES = YES;
				CLANG_ENABLE_OBJC_ARC = YES;
				CLANG_ENABLE_OBJC_WEAK = YES;
				CLANG_WARN_BLOCK_CAPTURE_AUTORELEASING = YES;
				CLANG_WARN_BOOL_CONVERSION = YES;
				CLANG_WARN_COMMA = YES;
				CLANG_WARN_CONSTANT_CONVERSION = YES;
				CLANG_WARN_DEPRECATED_OBJC_IMPLEMENTATIONS = YES;
				CLANG_WARN_DIRECT_OBJC_ISA_USAGE = YES_ERROR;
				CLANG_WARN_DOCUMENTATION_COMMENTS = YES;
				CLANG_WARN_EMPTY_BODY = YES;
				CLANG_WARN_ENUM_CONVERSION = YES;
				CLANG_WARN_INFINITE_RECURSION = YES;
				CLANG_WARN_INT_CONVERSION = YES;
				CLANG_WARN_NON_LITERAL_NULL_CONVERSION = YES;
				CLANG_WARN_OBJC_IMPLICIT_RETAIN_SELF = YES;
				CLANG_WARN_OBJC_LITERAL_CONVERSION = YES;
				CLANG_WARN_OBJC_ROOT_CLASS = YES_ERROR;
				CLANG_WARN_RANGE_LOOP_ANALYSIS = YES;
				CLANG_WARN_STRICT_PROTOTYPES = YES;
				CLANG_WARN_SUSPICIOUS_MOVE = YES;
				CLANG_WARN_UNGUARDED_AVAILABILITY = YES_AGGRESSIVE;
				CLANG_WARN_UNREACHABLE_CODE = YES;
				CLANG_WARN__DUPLICATE_METHOD_MATCH = YES;
				CODE_SIGN_IDENTITY = "iPhone Developer";
				COPY_PHASE_STRIP = NO;
				DEBUG_INFORMATION_FORMAT = dwarf;
				ENABLE_STRICT_OBJC_MSGSEND = YES;
				ENABLE_TESTABILITY = YES;
				GCC_C_LANGUAGE_STANDARD = gnu11;
				GCC_DYNAMIC_NO_PIC = NO;
				GCC_NO_COMMON_BLOCKS = YES;
				GCC_OPTIMIZATION_LEVEL = 0;
				GCC_PREPROCESSOR_DEFINITIONS = (
					"DEBUG=1",
					"$(inherited)",
				);
				GCC_WARN_64_TO_32_BIT_CONVERSION = YES;
				GCC_WARN_ABOUT_RETURN_TYPE = YES_ERROR;
				GCC_WARN_UNDECLARED_SELECTOR = YES;
				GCC_WARN_UNINITIALIZED_AUTOS = YES_AGGRESSIVE;
				GCC_WARN_UNUSED_FUNCTION = YES;
				GCC_WARN_UNUSED_VARIABLE = YES;
				IPHONEOS_DEPLOYMENT_TARGET = 11.4;
				MTL_ENABLE_DEBUG_INFO = YES;
				ONLY_ACTIVE_ARCH = YES;
				SDKROOT = iphoneos;
				SWIFT_ACTIVE_COMPILATION_CONDITIONS = DEBUG;
				SWIFT_OPTIMIZATION_LEVEL = "-Onone";
			};
			name = Debug;
		};
		9C39E76320CC5F9A00A457B0 /* Release */ = {
			isa = XCBuildConfiguration;
			buildSettings = {
				ALWAYS_SEARCH_USER_PATHS = NO;
				CLANG_ANALYZER_NONNULL = YES;
				CLANG_ANALYZER_NUMBER_OBJECT_CONVERSION = YES_AGGRESSIVE;
				CLANG_CXX_LANGUAGE_STANDARD = "gnu++14";
				CLANG_CXX_LIBRARY = "libc++";
				CLANG_ENABLE_MODULES = YES;
				CLANG_ENABLE_OBJC_ARC = YES;
				CLANG_ENABLE_OBJC_WEAK = YES;
				CLANG_WARN_BLOCK_CAPTURE_AUTORELEASING = YES;
				CLANG_WARN_BOOL_CONVERSION = YES;
				CLANG_WARN_COMMA = YES;
				CLANG_WARN_CONSTANT_CONVERSION = YES;
				CLANG_WARN_DEPRECATED_OBJC_IMPLEMENTATIONS = YES;
				CLANG_WARN_DIRECT_OBJC_ISA_USAGE = YES_ERROR;
				CLANG_WARN_DOCUMENTATION_COMMENTS = YES;
				CLANG_WARN_EMPTY_BODY = YES;
				CLANG_WARN_ENUM_CONVERSION = YES;
				CLANG_WARN_INFINITE_RECURSION = YES;
				CLANG_WARN_INT_CONVERSION = YES;
				CLANG_WARN_NON_LITERAL_NULL_CONVERSION = YES;
				CLANG_WARN_OBJC_IMPLICIT_RETAIN_SELF = YES;
				CLANG_WARN_OBJC_LITERAL_CONVERSION = YES;
				CLANG_WARN_OBJC_ROOT_CLASS = YES_ERROR;
				CLANG_WARN_RANGE_LOOP_ANALYSIS = YES;
				CLANG_WARN_STRICT_PROTOTYPES = YES;
				CLANG_WARN_SUSPICIOUS_MOVE = YES;
				CLANG_WARN_UNGUARDED_AVAILABILITY = YES_AGGRESSIVE;
				CLANG_WARN_UNREACHABLE_CODE = YES;
				CLANG_WARN__DUPLICATE_METHOD_MATCH = YES;
				CODE_SIGN_IDENTITY = "iPhone Developer";
				COPY_PHASE_STRIP = NO;
				DEBUG_INFORMATION_FORMAT = "dwarf-with-dsym";
				ENABLE_NS_ASSERTIONS = NO;
				ENABLE_STRICT_OBJC_MSGSEND = YES;
				GCC_C_LANGUAGE_STANDARD = gnu11;
				GCC_NO_COMMON_BLOCKS = YES;
				GCC_WARN_64_TO_32_BIT_CONVERSION = YES;
				GCC_WARN_ABOUT_RETURN_TYPE = YES_ERROR;
				GCC_WARN_UNDECLARED_SELECTOR = YES;
				GCC_WARN_UNINITIALIZED_AUTOS = YES_AGGRESSIVE;
				GCC_WARN_UNUSED_FUNCTION = YES;
				GCC_WARN_UNUSED_VARIABLE = YES;
				IPHONEOS_DEPLOYMENT_TARGET = 11.4;
				MTL_ENABLE_DEBUG_INFO = NO;
				SDKROOT = iphoneos;
				SWIFT_COMPILATION_MODE = wholemodule;
				SWIFT_OPTIMIZATION_LEVEL = "-O";
				VALIDATE_PRODUCT = YES;
			};
			name = Release;
		};
		9C39E76520CC5F9A00A457B0 /* Debug */ = {
			isa = XCBuildConfiguration;
			baseConfigurationReference = AE140785414570ED8E74610B /* Pods-Newsy.debug.xcconfig */;
			buildSettings = {
				ASSETCATALOG_COMPILER_APPICON_NAME = AppIcon;
				CODE_SIGN_STYLE = Automatic;
				DEVELOPMENT_TEAM = TS65W94V2H;
				INFOPLIST_FILE = "$(SRCROOT)/Newsy/Other/Info.plist";
				IPHONEOS_DEPLOYMENT_TARGET = 11.3;
				LD_RUNPATH_SEARCH_PATHS = (
					"$(inherited)",
					"@executable_path/Frameworks",
				);
				PRODUCT_BUNDLE_IDENTIFIER = com.bilaldrndo.Newsy;
				PRODUCT_NAME = "$(TARGET_NAME)";
				SWIFT_VERSION = 4.0;
				TARGETED_DEVICE_FAMILY = 1;
			};
			name = Debug;
		};
		9C39E76620CC5F9A00A457B0 /* Release */ = {
			isa = XCBuildConfiguration;
			baseConfigurationReference = 5819850F46337540BFF054E8 /* Pods-Newsy.release.xcconfig */;
			buildSettings = {
				ASSETCATALOG_COMPILER_APPICON_NAME = AppIcon;
				CODE_SIGN_STYLE = Automatic;
				DEVELOPMENT_TEAM = TS65W94V2H;
				INFOPLIST_FILE = "$(SRCROOT)/Newsy/Other/Info.plist";
				IPHONEOS_DEPLOYMENT_TARGET = 11.3;
				LD_RUNPATH_SEARCH_PATHS = (
					"$(inherited)",
					"@executable_path/Frameworks",
				);
				PRODUCT_BUNDLE_IDENTIFIER = com.bilaldrndo.Newsy;
				PRODUCT_NAME = "$(TARGET_NAME)";
				SWIFT_VERSION = 4.0;
				TARGETED_DEVICE_FAMILY = 1;
			};
			name = Release;
		};
/* End XCBuildConfiguration section */

/* Begin XCConfigurationList section */
		9C39E74D20CC5F9800A457B0 /* Build configuration list for PBXProject "Newsy" */ = {
			isa = XCConfigurationList;
			buildConfigurations = (
				9C39E76220CC5F9A00A457B0 /* Debug */,
				9C39E76320CC5F9A00A457B0 /* Release */,
			);
			defaultConfigurationIsVisible = 0;
			defaultConfigurationName = Release;
		};
		9C39E76420CC5F9A00A457B0 /* Build configuration list for PBXNativeTarget "Newsy" */ = {
			isa = XCConfigurationList;
			buildConfigurations = (
				9C39E76520CC5F9A00A457B0 /* Debug */,
				9C39E76620CC5F9A00A457B0 /* Release */,
			);
			defaultConfigurationIsVisible = 0;
			defaultConfigurationName = Release;
		};
/* End XCConfigurationList section */
	};
	rootObject = 9C39E74A20CC5F9800A457B0 /* Project object */;
}
